
Microsoft Visual Studio Solution File, Format Version 12.00
# Visual Studio 15
VisualStudioVersion = 15.0.27004.2002
MinimumVisualStudioVersion = 10.0.40219.1
Project("{FAE04EC0-301F-11D3-BF4B-00C04F79EFBC}") = "ProjetoAdlinMVC", "ProjetoAdlinMVC\ProjetoAdlinMVC.csproj", "{525D531E-EF34-481B-9518-3B0AFDC179BA}"
EndProject
Global
	GlobalSection(SolutionConfigurationPlatforms) = preSolution
		Debug|Any CPU = Debug|Any CPU
		Release|Any CPU = Release|Any CPU
	EndGlobalSection
	GlobalSection(ProjectConfigurationPlatforms) = postSolution
		{525D531E-EF34-481B-9518-3B0AFDC179BA}.Debug|Any CPU.ActiveCfg = Debug|Any CPU
		{525D531E-EF34-481B-9518-3B0AFDC179BA}.Debug|Any CPU.Build.0 = Debug|Any CPU
		{525D531E-EF34-481B-9518-3B0AFDC179BA}.Release|Any CPU.ActiveCfg = Release|Any CPU
		{525D531E-EF34-481B-9518-3B0AFDC179BA}.Release|Any CPU.Build.0 = Release|Any CPU
	EndGlobalSection
	GlobalSection(SolutionProperties) = preSolution
		HideSolutionNode = FALSE
	EndGlobalSection
	GlobalSection(ExtensibilityGlobals) = postSolution
		SolutionGuid = {065BC457-C329-4D63-B244-4F7DAEFFB6C3}
	EndGlobalSection
EndGlobal
